<?xml version="1.0" encoding="utf-8"?>
<Project ToolsVersion="4.0" xmlns="http://schemas.microsoft.com/developer/msbuild/2003">
  <ItemGroup>
    <Filter Include="Source Files">
      <UniqueIdentifier>{4FC737F1-C7A5-4376-A066-2A32D752A2FF}</UniqueIdentifier>
      <Extensions>cpp;c;cc;cxx;def;odl;idl;hpj;bat;asm;asmx</Extensions>
    </Filter>
    <Filter Include="Header Files">
      <UniqueIdentifier>{93995380-89BD-4b04-88EB-625FBE52EBFB}</UniqueIdentifier>
      <Extensions>h;hh;hpp;hxx;hm;inl;inc;xsd</Extensions>
    </Filter>
    <Filter Include="Resource Files">
      <UniqueIdentifier>{67DA6AB6-F800-4c08-8B7A-83BB121AAD01}</UniqueIdentifier>
      <Extensions>rc;ico;cur;bmp;dlg;rc2;rct;bin;rgs;gif;jpg;jpeg;jpe;resx;tiff;tif;png;wav;mfcribbon-ms</Extensions>
    </Filter>
    <Filter Include="Header Files\Data">
      <UniqueIdentifier>{77cef0f1-ff70-45b1-83fb-78fa32803ff1}</UniqueIdentifier>
    </Filter>
    <Filter Include="Header Files\Math">
      <UniqueIdentifier>{60a49c00-ac9f-42c7-8a16-888b20b49f86}</UniqueIdentifier>
    </Filter>
    <Filter Include="Source Files\Math">
      <UniqueIdentifier>{2072f0c2-80fb-4bf6-895b-72e001b02565}</UniqueIdentifier>
    </Filter>
  </ItemGroup>
  <ItemGroup>
    <Text Include="about.txt" />
  </ItemGroup>
  <ItemGroup>
    <ClInclude Include="Fixes.h">
      <Filter>Header Files\Data</Filter>
    </ClInclude>
    <ClInclude Include="Types.h">
      <Filter>Header Files\Data</Filter>
    </ClInclude>
    <ClInclude Include="Float32_4.h">
      <Filter>Header Files\Math</Filter>
    </ClInclude>
    <ClInclude Include="Configuration.h">
      <Filter>Header Files</Filter>
    </ClInclude>
    <ClInclude Include="Float32_2.h">
      <Filter>Header Files\Math</Filter>
    </ClInclude>
    <ClInclude Include="Float32_3.h">
      <Filter>Header Files\Math</Filter>
    </ClInclude>
    <ClInclude Include="Accessor.h">
      <Filter>Header Files\Data</Filter>
    </ClInclude>
    <ClInclude Include="MathRaw.h">
      <Filter>Header Files\Math</Filter>
    </ClInclude>
    <ClInclude Include="Convenctions.h">
      <Filter>Header Files</Filter>
    </ClInclude>
    <ClInclude Include="MathHash.h">
      <Filter>Header Files\Math</Filter>
    </ClInclude>
    <ClInclude Include="MathHelper.h">
      <Filter>Header Files\Math</Filter>
    </ClInclude>
    <ClInclude Include="UnitHelper.h">
      <Filter>Header Files\Math</Filter>
    </ClInclude>
    <ClInclude Include="Float32_4x4.h">
      <Filter>Header Files\Math</Filter>
    </ClInclude>
    <ClInclude Include="DLLIE.h">
      <Filter>Header Files</Filter>
    </ClInclude>
  </ItemGroup>
  <ItemGroup>
    <ClCompile Include="MathRaw.cpp">
      <Filter>Source Files\Math</Filter>
    </ClCompile>
    <ClCompile Include="dllmain.cpp">
      <Filter>Source Files</Filter>
    </ClCompile>
    <ClCompile Include="Float32_2.cpp">
      <Filter>Source Files\Math</Filter>
    </ClCompile>
  </ItemGroup>
</Project>