<?xml version="1.0" encoding="utf-8"?>
<Project ToolsVersion="4.0" xmlns="http://schemas.microsoft.com/developer/msbuild/2003">
  <ItemGroup>
    <Filter Include="Source Files">
      <UniqueIdentifier>{4FC737F1-C7A5-4376-A066-2A32D752A2FF}</UniqueIdentifier>
      <Extensions>cpp;c;cc;cxx;def;odl;idl;hpj;bat;asm;asmx</Extensions>
    </Filter>
    <Filter Include="Header Files">
      <UniqueIdentifier>{93995380-89BD-4b04-88EB-625FBE52EBFB}</UniqueIdentifier>
      <Extensions>h;hh;hpp;hxx;hm;inl;inc;xsd</Extensions>
    </Filter>
    <Filter Include="Resource Files">
      <UniqueIdentifier>{67DA6AB6-F800-4c08-8B7A-83BB121AAD01}</UniqueIdentifier>
      <Extensions>rc;ico;cur;bmp;dlg;rc2;rct;bin;rgs;gif;jpg;jpeg;jpe;resx;tiff;tif;png;wav;mfcribbon-ms</Extensions>
    </Filter>
    <Filter Include="Source Files\Main">
      <UniqueIdentifier>{0959c7fd-3890-4d63-8e77-9b212ffd3130}</UniqueIdentifier>
    </Filter>
    <Filter Include="Resources">
      <UniqueIdentifier>{cdc189a0-f4c5-4936-8557-0628e8965a3f}</UniqueIdentifier>
    </Filter>
    <Filter Include="Resources\Shaders">
      <UniqueIdentifier>{d0f24759-8e3f-41a6-81f8-de76546aad37}</UniqueIdentifier>
    </Filter>
  </ItemGroup>
  <ItemGroup>
    <ClCompile Include="main.cpp">
      <Filter>Source Files\Main</Filter>
    </ClCompile>
  </ItemGroup>
  <ItemGroup>
    <None Include="Resources\Shaders\DisplayQuad.hlsl">
      <Filter>Resources\Shaders</Filter>
    </None>
    <None Include="Resources\Shaders\GUIShader.hlsl">
      <Filter>Resources\Shaders</Filter>
    </None>
    <None Include="Resources\Shaders\DR_CreateGBufferGrass.hlsl">
      <Filter>Resources\Shaders</Filter>
    </None>
    <None Include="Resources\Shaders\DR_CreateGBufferTerrain.hlsl">
      <Filter>Resources\Shaders</Filter>
    </None>
    <None Include="Resources\Shaders\DR_DirectionalLight.hlsl">
      <Filter>Resources\Shaders</Filter>
    </None>
    <None Include="Resources\Shaders\DR_DrawDebugBox.hlsl">
      <Filter>Resources\Shaders</Filter>
    </None>
    <None Include="Resources\Shaders\DR_SSAO.hlsl">
      <Filter>Resources\Shaders</Filter>
    </None>
    <None Include="Resources\Shaders\CreateDepthBuffer.hlsl">
      <Filter>Resources\Shaders</Filter>
    </None>
    <None Include="Resources\Shaders\DR_Light_BlurLightMap.hlsl">
      <Filter>Resources\Shaders</Filter>
    </None>
    <None Include="Resources\Shaders\PPFunctions.hlsli">
      <Filter>Resources\Shaders</Filter>
    </None>
    <None Include="Resources\Shaders\DR_ParallaxMapping.hlsl">
      <Filter>Resources\Shaders</Filter>
    </None>
    <None Include="Resources\Shaders\DR_CreateGBufferParticles.hlsl">
      <Filter>Resources\Shaders</Filter>
    </None>
    <None Include="Resources\Shaders\GBufferFunctions.hlsl">
      <Filter>Resources\Shaders</Filter>
    </None>
    <None Include="Resources\Shaders\DR_CreateGBufferSolid_Default.hlsl">
      <Filter>Resources\Shaders</Filter>
    </None>
    <None Include="Resources\Shaders\DrawOctreeBox.hlsl">
      <Filter>Resources\Shaders</Filter>
    </None>
    <None Include="Resources\Shaders\DR_ParticleDirectionalLight.hlsl">
      <Filter>Resources\Shaders</Filter>
    </None>
    <None Include="Resources\Shaders\DR_MergeSolidNParticles.hlsl">
      <Filter>Resources\Shaders</Filter>
    </None>
    <None Include="Resources\Shaders\LightFunctions.hlsli">
      <Filter>Resources\Shaders</Filter>
    </None>
    <None Include="Resources\Shaders\NormalCode.hlsl">
      <Filter>Resources\Shaders</Filter>
    </None>
    <None Include="Resources\Shaders\ShaderShrinkMaterial.hlsl">
      <Filter>Resources\Shaders</Filter>
    </None>
    <None Include="Resources\Shaders\ShaderCopyGBufferProperties.hlsl">
      <Filter>Resources\Shaders</Filter>
    </None>
    <None Include="Resources\Shaders\DR_DirectionalLightBasic.hlsl">
      <Filter>Resources\Shaders</Filter>
    </None>
    <None Include="Resources\Shaders\DR_SSReflections.hlsl">
      <Filter>Resources\Shaders</Filter>
    </None>
    <None Include="Resources\Shaders\DR_VolumetricLight.hlsl">
      <Filter>Resources\Shaders</Filter>
    </None>
    <None Include="Resources\Shaders\DR_MergeForTree.hlsl">
      <Filter>Resources\Shaders</Filter>
    </None>
    <None Include="Resources\Shaders\DR_VolumetricLightPolish.hlsl">
      <Filter>Resources\Shaders</Filter>
    </None>
    <None Include="Resources\Shaders\DR_CreateGBufferSolid_Far.hlsl">
      <Filter>Resources\Shaders</Filter>
    </None>
    <None Include="Resources\Shaders\DR_CreateGBufferSolid_Instanced2.hlsl">
      <Filter>Resources\Shaders</Filter>
    </None>
    <None Include="Resources\Shaders\DR_CreateGBufferSolid_Instanced8.hlsl">
      <Filter>Resources\Shaders</Filter>
    </None>
    <None Include="Resources\Shaders\DR_CreateGBufferSolid_GPUCalc.hlsl">
      <Filter>Resources\Shaders</Filter>
    </None>
    <None Include="Resources\Shaders\DR_CreateGBufferSolid_GPUCalcI8.hlsl">
      <Filter>Resources\Shaders</Filter>
    </None>
    <None Include="Resources\Shaders\ImageProcessing.hlsl">
      <Filter>Resources\Shaders</Filter>
    </None>
    <None Include="Resources\Shaders\MathHelper.hlsl">
      <Filter>Resources\Shaders</Filter>
    </None>
    <None Include="Resources\Shaders\DR_MergeGBufferLight.hlsl">
      <Filter>Resources\Shaders</Filter>
    </None>
    <None Include="Resources\Shaders\DR_HDR.hlsl">
      <Filter>Resources\Shaders</Filter>
    </None>
    <None Include="Resources\Shaders\DR_PointLight.hlsl">
      <Filter>Resources\Shaders</Filter>
    </None>
    <None Include="Resources\Shaders\Blur_Gaussian_Vertical.hlsl">
      <Filter>Resources\Shaders</Filter>
    </None>
    <None Include="Resources\Shaders\DrawSimpleBox.hlsl">
      <Filter>Resources\Shaders</Filter>
    </None>
    <None Include="Resources\Shaders\SkyLike_AddCloud.hlsl">
      <Filter>Resources\Shaders</Filter>
    </None>
    <None Include="Resources\Shaders\SkyLike_Merge.hlsl">
      <Filter>Resources\Shaders</Filter>
    </None>
    <None Include="Resources\Shaders\SetBuffer.hlsl">
      <Filter>Resources\Shaders</Filter>
    </None>
    <None Include="Resources\Shaders\SkyLike_GenerateSun.hlsl">
      <Filter>Resources\Shaders</Filter>
    </None>
    <None Include="Resources\Shaders\SkyLike_DrawSkydome.hlsl">
      <Filter>Resources\Shaders</Filter>
    </None>
    <None Include="Resources\Shaders\Sky_DrawCloud.hlsl">
      <Filter>Resources\Shaders</Filter>
    </None>
    <None Include="Resources\Shaders\Sky_DrawCloudSphere.hlsl">
      <Filter>Resources\Shaders</Filter>
    </None>
    <None Include="Resources\Shaders\DR_GI_ShadowMap_Solid.hlsl">
      <Filter>Resources\Shaders</Filter>
    </None>
  </ItemGroup>
  <ItemGroup>
    <ClInclude Include="Demo01.h">
      <Filter>Header Files</Filter>
    </ClInclude>
    <ClInclude Include="Console.h">
      <Filter>Header Files</Filter>
    </ClInclude>
    <ClInclude Include="debug_test.h">
      <Filter>Header Files</Filter>
    </ClInclude>
    <ClInclude Include="security.h">
      <Filter>Header Files</Filter>
    </ClInclude>
  </ItemGroup>
</Project>